
Microsoft Visual Studio Solution File, Format Version 12.00
# Visual Studio 15
VisualStudioVersion = 15.0.26124.0
MinimumVisualStudioVersion = 15.0.26124.0
Project("{2150E333-8FDC-42A3-9474-1A3956D46DE8}") = "src", "src", "{A67020F5-1FAA-4779-9C11-34A19D6D4C14}"
EndProject
Project("{2150E333-8FDC-42A3-9474-1A3956D46DE8}") = "tests", "tests", "{CA8F54A8-F5E8-428A-8165-7C19D76F2B33}"
EndProject
Project("{FAE04EC0-301F-11D3-BF4B-00C04F79EFBC}") = "ApplicationCore", "src\ApplicationCore\ApplicationCore.csproj", "{14E09969-1445-40F9-9E2F-6AE5825F4DE1}"
EndProject
Project("{FAE04EC0-301F-11D3-BF4B-00C04F79EFBC}") = "Web", "src\Web\Web.csproj", "{17BEFAD5-F811-4642-9F69-9D3C038B96A6}"
EndProject
Project("{FAE04EC0-301F-11D3-BF4B-00C04F79EFBC}") = "PublicApi", "src\PublicApi\PublicApi.csproj", "{5B3D0FA8-AFB6-4047-81B3-AE0A83F36B24}"
EndProject
Project("{FAE04EC0-301F-11D3-BF4B-00C04F79EFBC}") = "Infrastructure", "src\Infrastructure\Infrastructure.csproj", "{5A0A3DA8-7787-4122-BCE3-D5B3320DA500}"
EndProject
Project("{FAE04EC0-301F-11D3-BF4B-00C04F79EFBC}") = "UnitTests", "tests\UnitTests\UnitTests.csproj", "{83F6E89A-9899-4AEE-BC27-427926E1E9D4}"
EndProject
Global
	GlobalSection(SolutionConfigurationPlatforms) = preSolution
		Debug|Any CPU = Debug|Any CPU
		Debug|x64 = Debug|x64
		Debug|x86 = Debug|x86
		Release|Any CPU = Release|Any CPU
		Release|x64 = Release|x64
		Release|x86 = Release|x86
	EndGlobalSection
	GlobalSection(SolutionProperties) = preSolution
		HideSolutionNode = FALSE
	EndGlobalSection
	GlobalSection(NestedProjects) = preSolution
		{14E09969-1445-40F9-9E2F-6AE5825F4DE1} = {A67020F5-1FAA-4779-9C11-34A19D6D4C14}
		{17BEFAD5-F811-4642-9F69-9D3C038B96A6} = {A67020F5-1FAA-4779-9C11-34A19D6D4C14}
		{5B3D0FA8-AFB6-4047-81B3-AE0A83F36B24} = {A67020F5-1FAA-4779-9C11-34A19D6D4C14}
		{5A0A3DA8-7787-4122-BCE3-D5B3320DA500} = {A67020F5-1FAA-4779-9C11-34A19D6D4C14}
		{83F6E89A-9899-4AEE-BC27-427926E1E9D4} = {CA8F54A8-F5E8-428A-8165-7C19D76F2B33}
	EndGlobalSection
	GlobalSection(ProjectConfigurationPlatforms) = postSolution
		{14E09969-1445-40F9-9E2F-6AE5825F4DE1}.Debug|Any CPU.ActiveCfg = Debug|Any CPU
		{14E09969-1445-40F9-9E2F-6AE5825F4DE1}.Debug|Any CPU.Build.0 = Debug|Any CPU
		{14E09969-1445-40F9-9E2F-6AE5825F4DE1}.Debug|x64.ActiveCfg = Debug|Any CPU
		{14E09969-1445-40F9-9E2F-6AE5825F4DE1}.Debug|x64.Build.0 = Debug|Any CPU
		{14E09969-1445-40F9-9E2F-6AE5825F4DE1}.Debug|x86.ActiveCfg = Debug|Any CPU
		{14E09969-1445-40F9-9E2F-6AE5825F4DE1}.Debug|x86.Build.0 = Debug|Any CPU
		{14E09969-1445-40F9-9E2F-6AE5825F4DE1}.Release|Any CPU.ActiveCfg = Release|Any CPU
		{14E09969-1445-40F9-9E2F-6AE5825F4DE1}.Release|Any CPU.Build.0 = Release|Any CPU
		{14E09969-1445-40F9-9E2F-6AE5825F4DE1}.Release|x64.ActiveCfg = Release|Any CPU
		{14E09969-1445-40F9-9E2F-6AE5825F4DE1}.Release|x64.Build.0 = Release|Any CPU
		{14E09969-1445-40F9-9E2F-6AE5825F4DE1}.Release|x86.ActiveCfg = Release|Any CPU
		{14E09969-1445-40F9-9E2F-6AE5825F4DE1}.Release|x86.Build.0 = Release|Any CPU
		{17BEFAD5-F811-4642-9F69-9D3C038B96A6}.Debug|Any CPU.ActiveCfg = Debug|Any CPU
		{17BEFAD5-F811-4642-9F69-9D3C038B96A6}.Debug|Any CPU.Build.0 = Debug|Any CPU
		{17BEFAD5-F811-4642-9F69-9D3C038B96A6}.Debug|x64.ActiveCfg = Debug|Any CPU
		{17BEFAD5-F811-4642-9F69-9D3C038B96A6}.Debug|x64.Build.0 = Debug|Any CPU
		{17BEFAD5-F811-4642-9F69-9D3C038B96A6}.Debug|x86.ActiveCfg = Debug|Any CPU
		{17BEFAD5-F811-4642-9F69-9D3C038B96A6}.Debug|x86.Build.0 = Debug|Any CPU
		{17BEFAD5-F811-4642-9F69-9D3C038B96A6}.Release|Any CPU.ActiveCfg = Release|Any CPU
		{17BEFAD5-F811-4642-9F69-9D3C038B96A6}.Release|Any CPU.Build.0 = Release|Any CPU
		{17BEFAD5-F811-4642-9F69-9D3C038B96A6}.Release|x64.ActiveCfg = Release|Any CPU
		{17BEFAD5-F811-4642-9F69-9D3C038B96A6}.Release|x64.Build.0 = Release|Any CPU
		{17BEFAD5-F811-4642-9F69-9D3C038B96A6}.Release|x86.ActiveCfg = Release|Any CPU
		{17BEFAD5-F811-4642-9F69-9D3C038B96A6}.Release|x86.Build.0 = Release|Any CPU
		{5B3D0FA8-AFB6-4047-81B3-AE0A83F36B24}.Debug|Any CPU.ActiveCfg = Debug|Any CPU
		{5B3D0FA8-AFB6-4047-81B3-AE0A83F36B24}.Debug|Any CPU.Build.0 = Debug|Any CPU
		{5B3D0FA8-AFB6-4047-81B3-AE0A83F36B24}.Debug|x64.ActiveCfg = Debug|Any CPU
		{5B3D0FA8-AFB6-4047-81B3-AE0A83F36B24}.Debug|x64.Build.0 = Debug|Any CPU
		{5B3D0FA8-AFB6-4047-81B3-AE0A83F36B24}.Debug|x86.ActiveCfg = Debug|Any CPU
		{5B3D0FA8-AFB6-4047-81B3-AE0A83F36B24}.Debug|x86.Build.0 = Debug|Any CPU
		{5B3D0FA8-AFB6-4047-81B3-AE0A83F36B24}.Release|Any CPU.ActiveCfg = Release|Any CPU
		{5B3D0FA8-AFB6-4047-81B3-AE0A83F36B24}.Release|Any CPU.Build.0 = Release|Any CPU
		{5B3D0FA8-AFB6-4047-81B3-AE0A83F36B24}.Release|x64.ActiveCfg = Release|Any CPU
		{5B3D0FA8-AFB6-4047-81B3-AE0A83F36B24}.Release|x64.Build.0 = Release|Any CPU
		{5B3D0FA8-AFB6-4047-81B3-AE0A83F36B24}.Release|x86.ActiveCfg = Release|Any CPU
		{5B3D0FA8-AFB6-4047-81B3-AE0A83F36B24}.Release|x86.Build.0 = Release|Any CPU
		{5A0A3DA8-7787-4122-BCE3-D5B3320DA500}.Debug|Any CPU.ActiveCfg = Debug|Any CPU
		{5A0A3DA8-7787-4122-BCE3-D5B3320DA500}.Debug|Any CPU.Build.0 = Debug|Any CPU
		{5A0A3DA8-7787-4122-BCE3-D5B3320DA500}.Debug|x64.ActiveCfg = Debug|Any CPU
		{5A0A3DA8-7787-4122-BCE3-D5B3320DA500}.Debug|x64.Build.0 = Debug|Any CPU
		{5A0A3DA8-7787-4122-BCE3-D5B3320DA500}.Debug|x86.ActiveCfg = Debug|Any CPU
		{5A0A3DA8-7787-4122-BCE3-D5B3320DA500}.Debug|x86.Build.0 = Debug|Any CPU
		{5A0A3DA8-7787-4122-BCE3-D5B3320DA500}.Release|Any CPU.ActiveCfg = Release|Any CPU
		{5A0A3DA8-7787-4122-BCE3-D5B3320DA500}.Release|Any CPU.Build.0 = Release|Any CPU
		{5A0A3DA8-7787-4122-BCE3-D5B3320DA500}.Release|x64.ActiveCfg = Release|Any CPU
		{5A0A3DA8-7787-4122-BCE3-D5B3320DA500}.Release|x64.Build.0 = Release|Any CPU
		{5A0A3DA8-7787-4122-BCE3-D5B3320DA500}.Release|x86.ActiveCfg = Release|Any CPU
		{5A0A3DA8-7787-4122-BCE3-D5B3320DA500}.Release|x86.Build.0 = Release|Any CPU
		{83F6E89A-9899-4AEE-BC27-427926E1E9D4}.Debug|Any CPU.ActiveCfg = Debug|Any CPU
		{83F6E89A-9899-4AEE-BC27-427926E1E9D4}.Debug|Any CPU.Build.0 = Debug|Any CPU
		{83F6E89A-9899-4AEE-BC27-427926E1E9D4}.Debug|x64.ActiveCfg = Debug|Any CPU
		{83F6E89A-9899-4AEE-BC27-427926E1E9D4}.Debug|x64.Build.0 = Debug|Any CPU
		{83F6E89A-9899-4AEE-BC27-427926E1E9D4}.Debug|x86.ActiveCfg = Debug|Any CPU
		{83F6E89A-9899-4AEE-BC27-427926E1E9D4}.Debug|x86.Build.0 = Debug|Any CPU
		{83F6E89A-9899-4AEE-BC27-427926E1E9D4}.Release|Any CPU.ActiveCfg = Release|Any CPU
		{83F6E89A-9899-4AEE-BC27-427926E1E9D4}.Release|Any CPU.Build.0 = Release|Any CPU
		{83F6E89A-9899-4AEE-BC27-427926E1E9D4}.Release|x64.ActiveCfg = Release|Any CPU
		{83F6E89A-9899-4AEE-BC27-427926E1E9D4}.Release|x64.Build.0 = Release|Any CPU
		{83F6E89A-9899-4AEE-BC27-427926E1E9D4}.Release|x86.ActiveCfg = Release|Any CPU
		{83F6E89A-9899-4AEE-BC27-427926E1E9D4}.Release|x86.Build.0 = Release|Any CPU
	EndGlobalSection
EndGlobal
